
Microsoft Visual Studio Solution File, Format Version 12.00
# Visual Studio Version 16
VisualStudioVersion = 16.0.31424.327
MinimumVisualStudioVersion = 10.0.40219.1
Project("{FAE04EC0-301F-11D3-BF4B-00C04F79EFBC}") = "KursProjesi", "KursProjesi\KursProjesi.csproj", "{6A1FBE76-AB5B-42C1-9902-C07123044554}"
EndProject
Global
	GlobalSection(SolutionConfigurationPlatforms) = preSolution
		Debug|Any CPU = Debug|Any CPU
		Release|Any CPU = Release|Any CPU
	EndGlobalSection
	GlobalSection(ProjectConfigurationPlatforms) = postSolution
		{6A1FBE76-AB5B-42C1-9902-C07123044554}.Debug|Any CPU.ActiveCfg = Debug|Any CPU
		{6A1FBE76-AB5B-42C1-9902-C07123044554}.Debug|Any CPU.Build.0 = Debug|Any CPU
		{6A1FBE76-AB5B-42C1-9902-C07123044554}.Release|Any CPU.ActiveCfg = Release|Any CPU
		{6A1FBE76-AB5B-42C1-9902-C07123044554}.Release|Any CPU.Build.0 = Release|Any CPU
	EndGlobalSection
	GlobalSection(SolutionProperties) = preSolution
		HideSolutionNode = FALSE
	EndGlobalSection
	GlobalSection(ExtensibilityGlobals) = postSolution
		SolutionGuid = {F047DA27-3E4D-4E30-9DB7-EF14C6CF8D53}
	EndGlobalSection
EndGlobal
